
Microsoft Visual Studio Solution File, Format Version 12.00
# Visual Studio 15
VisualStudioVersion = 15.0.26124.0
MinimumVisualStudioVersion = 15.0.26124.0
Project("{FAE04EC0-301F-11D3-BF4B-00C04F79EFBC}") = "Abstractions", "Abstractions\Abstractions.csproj", "{0069E75D-021C-4277-8A59-05226D291664}"
EndProject
Project("{FAE04EC0-301F-11D3-BF4B-00C04F79EFBC}") = "CloudEventsMessageFormatting", "CloudEventsMessageFormatting\CloudEventsMessageFormatting.csproj", "{9585E364-7EB5-4033-B18F-888525ACF00F}"
EndProject
Project("{FAE04EC0-301F-11D3-BF4B-00C04F79EFBC}") = "SNSMessagePublishing", "SNSMessagePublishing\SNSMessagePublishing.csproj", "{197738AE-0CC1-4748-9371-B82A28420771}"
EndProject
Global
	GlobalSection(SolutionConfigurationPlatforms) = preSolution
		Debug|Any CPU = Debug|Any CPU
		Debug|x64 = Debug|x64
		Debug|x86 = Debug|x86
		Release|Any CPU = Release|Any CPU
		Release|x64 = Release|x64
		Release|x86 = Release|x86
	EndGlobalSection
	GlobalSection(SolutionProperties) = preSolution
		HideSolutionNode = FALSE
	EndGlobalSection
	GlobalSection(ProjectConfigurationPlatforms) = postSolution
		{0069E75D-021C-4277-8A59-05226D291664}.Debug|Any CPU.ActiveCfg = Debug|Any CPU
		{0069E75D-021C-4277-8A59-05226D291664}.Debug|Any CPU.Build.0 = Debug|Any CPU
		{0069E75D-021C-4277-8A59-05226D291664}.Debug|x64.ActiveCfg = Debug|Any CPU
		{0069E75D-021C-4277-8A59-05226D291664}.Debug|x64.Build.0 = Debug|Any CPU
		{0069E75D-021C-4277-8A59-05226D291664}.Debug|x86.ActiveCfg = Debug|Any CPU
		{0069E75D-021C-4277-8A59-05226D291664}.Debug|x86.Build.0 = Debug|Any CPU
		{0069E75D-021C-4277-8A59-05226D291664}.Release|Any CPU.ActiveCfg = Release|Any CPU
		{0069E75D-021C-4277-8A59-05226D291664}.Release|Any CPU.Build.0 = Release|Any CPU
		{0069E75D-021C-4277-8A59-05226D291664}.Release|x64.ActiveCfg = Release|Any CPU
		{0069E75D-021C-4277-8A59-05226D291664}.Release|x64.Build.0 = Release|Any CPU
		{0069E75D-021C-4277-8A59-05226D291664}.Release|x86.ActiveCfg = Release|Any CPU
		{0069E75D-021C-4277-8A59-05226D291664}.Release|x86.Build.0 = Release|Any CPU
		{9585E364-7EB5-4033-B18F-888525ACF00F}.Debug|Any CPU.ActiveCfg = Debug|Any CPU
		{9585E364-7EB5-4033-B18F-888525ACF00F}.Debug|Any CPU.Build.0 = Debug|Any CPU
		{9585E364-7EB5-4033-B18F-888525ACF00F}.Debug|x64.ActiveCfg = Debug|Any CPU
		{9585E364-7EB5-4033-B18F-888525ACF00F}.Debug|x64.Build.0 = Debug|Any CPU
		{9585E364-7EB5-4033-B18F-888525ACF00F}.Debug|x86.ActiveCfg = Debug|Any CPU
		{9585E364-7EB5-4033-B18F-888525ACF00F}.Debug|x86.Build.0 = Debug|Any CPU
		{9585E364-7EB5-4033-B18F-888525ACF00F}.Release|Any CPU.ActiveCfg = Release|Any CPU
		{9585E364-7EB5-4033-B18F-888525ACF00F}.Release|Any CPU.Build.0 = Release|Any CPU
		{9585E364-7EB5-4033-B18F-888525ACF00F}.Release|x64.ActiveCfg = Release|Any CPU
		{9585E364-7EB5-4033-B18F-888525ACF00F}.Release|x64.Build.0 = Release|Any CPU
		{9585E364-7EB5-4033-B18F-888525ACF00F}.Release|x86.ActiveCfg = Release|Any CPU
		{9585E364-7EB5-4033-B18F-888525ACF00F}.Release|x86.Build.0 = Release|Any CPU
		{197738AE-0CC1-4748-9371-B82A28420771}.Debug|Any CPU.ActiveCfg = Debug|Any CPU
		{197738AE-0CC1-4748-9371-B82A28420771}.Debug|Any CPU.Build.0 = Debug|Any CPU
		{197738AE-0CC1-4748-9371-B82A28420771}.Debug|x64.ActiveCfg = Debug|Any CPU
		{197738AE-0CC1-4748-9371-B82A28420771}.Debug|x64.Build.0 = Debug|Any CPU
		{197738AE-0CC1-4748-9371-B82A28420771}.Debug|x86.ActiveCfg = Debug|Any CPU
		{197738AE-0CC1-4748-9371-B82A28420771}.Debug|x86.Build.0 = Debug|Any CPU
		{197738AE-0CC1-4748-9371-B82A28420771}.Release|Any CPU.ActiveCfg = Release|Any CPU
		{197738AE-0CC1-4748-9371-B82A28420771}.Release|Any CPU.Build.0 = Release|Any CPU
		{197738AE-0CC1-4748-9371-B82A28420771}.Release|x64.ActiveCfg = Release|Any CPU
		{197738AE-0CC1-4748-9371-B82A28420771}.Release|x64.Build.0 = Release|Any CPU
		{197738AE-0CC1-4748-9371-B82A28420771}.Release|x86.ActiveCfg = Release|Any CPU
		{197738AE-0CC1-4748-9371-B82A28420771}.Release|x86.Build.0 = Release|Any CPU
	EndGlobalSection
EndGlobal
